
Microsoft Visual Studio Solution File, Format Version 12.00
# Visual Studio Version 17
VisualStudioVersion = 17.5.33424.131
MinimumVisualStudioVersion = 10.0.40219.1
Project("{FAE04EC0-301F-11D3-BF4B-00C04F79EFBC}") = "SECURE BYTE GUI", "SECURE BYTE GUI\SECURE BYTE GUI.csproj", "{27FB7418-3C6F-4C7B-98BF-865A94AE00E1}"
EndProject
Project("{FAE04EC0-301F-11D3-BF4B-00C04F79EFBC}") = "Runtime", "Runtime\Runtime.csproj", "{520B7746-86A7-4021-87B4-507236A14CAE}"
EndProject
Project("{FAE04EC0-301F-11D3-BF4B-00C04F79EFBC}") = "Hardening", "Hardening\Hardening.csproj", "{8EFB8D88-4176-4C97-8FF2-C3860E7A3DFF}"
EndProject
Project("{FAE04EC0-301F-11D3-BF4B-00C04F79EFBC}") = "VMUtils", "VMUtils\VMUtils.csproj", "{5AB7C845-5DEE-40AC-A0CE-E32AC7DBEC04}"
EndProject
Project("{FAE04EC0-301F-11D3-BF4B-00C04F79EFBC}") = "Core", "Core\Core.csproj", "{4412D7B9-710C-4433-944B-7CE491EDD989}"
EndProject
Project("{FAE04EC0-301F-11D3-BF4B-00C04F79EFBC}") = "CodeEncryption", "Code Encryption\CodeEncryption.csproj", "{302EB94C-2973-4759-B39A-71CE18A9DCD3}"
EndProject
Project("{FAE04EC0-301F-11D3-BF4B-00C04F79EFBC}") = "SecureByte Unban tool", "SecureByte Unban tool\SecureByte Unban tool\SecureByte Unban tool.csproj", "{C42A2586-139E-42BB-8158-928F0F308376}"
EndProject
Project("{2150E333-8FDC-42A3-9474-1A3956D46DE8}") = "Dynamic", "Dynamic", "{D54C84B7-6E26-41AA-9AE5-7101ED2B3881}"
EndProject
Project("{2150E333-8FDC-42A3-9474-1A3956D46DE8}") = "Code Encryption", "Code Encryption", "{FAAA0F86-0C24-48EF-82D4-7D00E83D9808}"
EndProject
Project("{2150E333-8FDC-42A3-9474-1A3956D46DE8}") = "Unban tool", "Unban tool", "{B8AC0703-E576-4152-BFE5-678A90CB4301}"
EndProject
Project("{FAE04EC0-301F-11D3-BF4B-00C04F79EFBC}") = "Code decoder", "Code decoder\Code decoder.csproj", "{5CAF4508-6DE0-44BD-B391-071A5BD39623}"
EndProject
Project("{FAE04EC0-301F-11D3-BF4B-00C04F79EFBC}") = "Force unban", "Force unban\Force unban.csproj", "{155AC017-2DDF-431D-AA8E-3253E32B14B6}"
EndProject
Global
	GlobalSection(SolutionConfigurationPlatforms) = preSolution
		Debug|Any CPU = Debug|Any CPU
		Release|Any CPU = Release|Any CPU
	EndGlobalSection
	GlobalSection(ProjectConfigurationPlatforms) = postSolution
		{27FB7418-3C6F-4C7B-98BF-865A94AE00E1}.Debug|Any CPU.ActiveCfg = Debug|Any CPU
		{27FB7418-3C6F-4C7B-98BF-865A94AE00E1}.Debug|Any CPU.Build.0 = Debug|Any CPU
		{27FB7418-3C6F-4C7B-98BF-865A94AE00E1}.Release|Any CPU.ActiveCfg = Release|Any CPU
		{27FB7418-3C6F-4C7B-98BF-865A94AE00E1}.Release|Any CPU.Build.0 = Release|Any CPU
		{520B7746-86A7-4021-87B4-507236A14CAE}.Debug|Any CPU.ActiveCfg = Debug|Any CPU
		{520B7746-86A7-4021-87B4-507236A14CAE}.Debug|Any CPU.Build.0 = Debug|Any CPU
		{520B7746-86A7-4021-87B4-507236A14CAE}.Release|Any CPU.ActiveCfg = Release|Any CPU
		{520B7746-86A7-4021-87B4-507236A14CAE}.Release|Any CPU.Build.0 = Release|Any CPU
		{8EFB8D88-4176-4C97-8FF2-C3860E7A3DFF}.Debug|Any CPU.ActiveCfg = Debug|Any CPU
		{8EFB8D88-4176-4C97-8FF2-C3860E7A3DFF}.Debug|Any CPU.Build.0 = Debug|Any CPU
		{8EFB8D88-4176-4C97-8FF2-C3860E7A3DFF}.Release|Any CPU.ActiveCfg = Release|Any CPU
		{8EFB8D88-4176-4C97-8FF2-C3860E7A3DFF}.Release|Any CPU.Build.0 = Release|Any CPU
		{5AB7C845-5DEE-40AC-A0CE-E32AC7DBEC04}.Debug|Any CPU.ActiveCfg = Debug|Any CPU
		{5AB7C845-5DEE-40AC-A0CE-E32AC7DBEC04}.Debug|Any CPU.Build.0 = Debug|Any CPU
		{5AB7C845-5DEE-40AC-A0CE-E32AC7DBEC04}.Release|Any CPU.ActiveCfg = Release|Any CPU
		{5AB7C845-5DEE-40AC-A0CE-E32AC7DBEC04}.Release|Any CPU.Build.0 = Release|Any CPU
		{4412D7B9-710C-4433-944B-7CE491EDD989}.Debug|Any CPU.ActiveCfg = Debug|Any CPU
		{4412D7B9-710C-4433-944B-7CE491EDD989}.Debug|Any CPU.Build.0 = Debug|Any CPU
		{4412D7B9-710C-4433-944B-7CE491EDD989}.Release|Any CPU.ActiveCfg = Release|Any CPU
		{4412D7B9-710C-4433-944B-7CE491EDD989}.Release|Any CPU.Build.0 = Release|Any CPU
		{302EB94C-2973-4759-B39A-71CE18A9DCD3}.Debug|Any CPU.ActiveCfg = Debug|Any CPU
		{302EB94C-2973-4759-B39A-71CE18A9DCD3}.Debug|Any CPU.Build.0 = Debug|Any CPU
		{302EB94C-2973-4759-B39A-71CE18A9DCD3}.Release|Any CPU.ActiveCfg = Release|Any CPU
		{302EB94C-2973-4759-B39A-71CE18A9DCD3}.Release|Any CPU.Build.0 = Release|Any CPU
		{C42A2586-139E-42BB-8158-928F0F308376}.Debug|Any CPU.ActiveCfg = Debug|Any CPU
		{C42A2586-139E-42BB-8158-928F0F308376}.Debug|Any CPU.Build.0 = Debug|Any CPU
		{C42A2586-139E-42BB-8158-928F0F308376}.Release|Any CPU.ActiveCfg = Release|Any CPU
		{C42A2586-139E-42BB-8158-928F0F308376}.Release|Any CPU.Build.0 = Release|Any CPU
		{5CAF4508-6DE0-44BD-B391-071A5BD39623}.Debug|Any CPU.ActiveCfg = Debug|Any CPU
		{5CAF4508-6DE0-44BD-B391-071A5BD39623}.Debug|Any CPU.Build.0 = Debug|Any CPU
		{5CAF4508-6DE0-44BD-B391-071A5BD39623}.Release|Any CPU.ActiveCfg = Release|Any CPU
		{5CAF4508-6DE0-44BD-B391-071A5BD39623}.Release|Any CPU.Build.0 = Release|Any CPU
		{155AC017-2DDF-431D-AA8E-3253E32B14B6}.Debug|Any CPU.ActiveCfg = Debug|Any CPU
		{155AC017-2DDF-431D-AA8E-3253E32B14B6}.Debug|Any CPU.Build.0 = Debug|Any CPU
		{155AC017-2DDF-431D-AA8E-3253E32B14B6}.Release|Any CPU.ActiveCfg = Release|Any CPU
		{155AC017-2DDF-431D-AA8E-3253E32B14B6}.Release|Any CPU.Build.0 = Release|Any CPU
	EndGlobalSection
	GlobalSection(SolutionProperties) = preSolution
		HideSolutionNode = FALSE
	EndGlobalSection
	GlobalSection(NestedProjects) = preSolution
		{520B7746-86A7-4021-87B4-507236A14CAE} = {D54C84B7-6E26-41AA-9AE5-7101ED2B3881}
		{8EFB8D88-4176-4C97-8FF2-C3860E7A3DFF} = {D54C84B7-6E26-41AA-9AE5-7101ED2B3881}
		{5AB7C845-5DEE-40AC-A0CE-E32AC7DBEC04} = {D54C84B7-6E26-41AA-9AE5-7101ED2B3881}
		{4412D7B9-710C-4433-944B-7CE491EDD989} = {D54C84B7-6E26-41AA-9AE5-7101ED2B3881}
		{302EB94C-2973-4759-B39A-71CE18A9DCD3} = {FAAA0F86-0C24-48EF-82D4-7D00E83D9808}
		{C42A2586-139E-42BB-8158-928F0F308376} = {B8AC0703-E576-4152-BFE5-678A90CB4301}
		{5CAF4508-6DE0-44BD-B391-071A5BD39623} = {B8AC0703-E576-4152-BFE5-678A90CB4301}
		{155AC017-2DDF-431D-AA8E-3253E32B14B6} = {B8AC0703-E576-4152-BFE5-678A90CB4301}
	EndGlobalSection
	GlobalSection(ExtensibilityGlobals) = postSolution
		SolutionGuid = {980E3692-D210-4244-937B-C5A56E634DC0}
	EndGlobalSection
EndGlobal
