
Microsoft Visual Studio Solution File, Format Version 12.00
# Visual Studio Version 16
VisualStudioVersion = 16.0.32901.82
MinimumVisualStudioVersion = 10.0.40219.1
Project("{FAE04EC0-301F-11D3-BF4B-00C04F79EFBC}") = "Hardening", "Hardening.csproj", "{8EFB8D88-4176-4C97-8FF2-C3860E7A3DFF}"
EndProject
Global
	GlobalSection(SolutionConfigurationPlatforms) = preSolution
		Debug|Any CPU = Debug|Any CPU
		Release|Any CPU = Release|Any CPU
	EndGlobalSection
	GlobalSection(ProjectConfigurationPlatforms) = postSolution
		{8EFB8D88-4176-4C97-8FF2-C3860E7A3DFF}.Debug|Any CPU.ActiveCfg = Debug|Any CPU
		{8EFB8D88-4176-4C97-8FF2-C3860E7A3DFF}.Debug|Any CPU.Build.0 = Debug|Any CPU
		{8EFB8D88-4176-4C97-8FF2-C3860E7A3DFF}.Release|Any CPU.ActiveCfg = Release|Any CPU
		{8EFB8D88-4176-4C97-8FF2-C3860E7A3DFF}.Release|Any CPU.Build.0 = Release|Any CPU
	EndGlobalSection
	GlobalSection(SolutionProperties) = preSolution
		HideSolutionNode = FALSE
	EndGlobalSection
	GlobalSection(ExtensibilityGlobals) = postSolution
		SolutionGuid = {C981966D-C33B-41FE-88C8-918274FAE2EC}
	EndGlobalSection
EndGlobal
